
Microsoft Visual Studio Solution File, Format Version 12.00
# Visual Studio Version 16
VisualStudioVersion = 16.0.30114.105
MinimumVisualStudioVersion = 10.0.40219.1
Project("{FAE04EC0-301F-11D3-BF4B-00C04F79EFBC}") = "box_line_crossover", "box_line_crossover.csproj", "{2CA80745-0AC9-48B4-8F5A-80F0970C8406}"
EndProject
Global
	GlobalSection(SolutionConfigurationPlatforms) = preSolution
		Debug|Any CPU = Debug|Any CPU
		Release|Any CPU = Release|Any CPU
	EndGlobalSection
	GlobalSection(ProjectConfigurationPlatforms) = postSolution
		{2CA80745-0AC9-48B4-8F5A-80F0970C8406}.Debug|Any CPU.ActiveCfg = Debug|Any CPU
		{2CA80745-0AC9-48B4-8F5A-80F0970C8406}.Debug|Any CPU.Build.0 = Debug|Any CPU
		{2CA80745-0AC9-48B4-8F5A-80F0970C8406}.Release|Any CPU.ActiveCfg = Release|Any CPU
		{2CA80745-0AC9-48B4-8F5A-80F0970C8406}.Release|Any CPU.Build.0 = Release|Any CPU
	EndGlobalSection
	GlobalSection(SolutionProperties) = preSolution
		HideSolutionNode = FALSE
	EndGlobalSection
	GlobalSection(ExtensibilityGlobals) = postSolution
		SolutionGuid = {B5578796-1ACB-4907-AEBD-8FBC721C6DD7}
	EndGlobalSection
EndGlobal
